<?xml version="1.0" encoding="utf-8"?>
<Project ToolsVersion="4.0" xmlns="http://schemas.microsoft.com/developer/msbuild/2003">
  <ItemGroup>
    <Filter Include="Source Files">
      <UniqueIdentifier>{4FC737F1-C7A5-4376-A066-2A32D752A2FF}</UniqueIdentifier>
      <Extensions>cpp;c;cc;cxx;def;odl;idl;hpj;bat;asm;asmx</Extensions>
    </Filter>
    <Filter Include="Header Files">
      <UniqueIdentifier>{93995380-89BD-4b04-88EB-625FBE52EBFB}</UniqueIdentifier>
      <Extensions>h;hpp;hxx;hm;inl;inc;xsd</Extensions>
    </Filter>
    <Filter Include="Resource Files">
      <UniqueIdentifier>{67DA6AB6-F800-4c08-8B7A-83BB121AAD01}</UniqueIdentifier>
      <Extensions>rc;ico;cur;bmp;dlg;rc2;rct;bin;rgs;gif;jpg;jpeg;jpe;resx;tiff;tif;png;wav;mfcribbon-ms</Extensions>
    </Filter>
    <Filter Include="cuda">
      <UniqueIdentifier>{2dd18ba6-aeef-43bb-b3b8-b66af19a50e2}</UniqueIdentifier>
      <Extensions>.cu</Extensions>
    </Filter>
  </ItemGroup>
  <ItemGroup>
    <ClCompile Include="Pathtracer.cpp">
      <Filter>Source Files</Filter>
    </ClCompile>
    <ClCompile Include="ObjLoader.cpp">
      <Filter>Source Files</Filter>
    </ClCompile>
    <ClCompile Include="ImageLoader.cpp">
      <Filter>Source Files</Filter>
    </ClCompile>
    <ClCompile Include="glm.cpp">
      <Filter>Source Files</Filter>
    </ClCompile>
    <ClCompile Include="DevilLoader.cpp">
      <Filter>Source Files</Filter>
    </ClCompile>
    <ClCompile Include="pathtracer_types.cpp">
      <Filter>Source Files</Filter>
    </ClCompile>
    <ClCompile Include="utils.cpp">
      <Filter>Source Files</Filter>
    </ClCompile>
  </ItemGroup>
  <ItemGroup>
    <ClInclude Include="ObjLoader.h">
      <Filter>Header Files</Filter>
    </ClInclude>
    <ClInclude Include="glm.h">
      <Filter>Header Files</Filter>
    </ClInclude>
    <ClInclude Include="ImageLoader.h">
      <Filter>Header Files</Filter>
    </ClInclude>
    <ClInclude Include="DevilLoader.h">
      <Filter>Header Files</Filter>
    </ClInclude>
    <ClInclude Include="types.h">
      <Filter>Header Files</Filter>
    </ClInclude>
    <ClInclude Include="commonStructs.h">
      <Filter>Header Files</Filter>
    </ClInclude>
    <ClInclude Include="random.h">
      <Filter>Header Files</Filter>
    </ClInclude>
    <ClInclude Include="helpers.h">
      <Filter>Header Files</Filter>
    </ClInclude>
    <ClInclude Include="device_funcs.h">
      <Filter>Header Files</Filter>
    </ClInclude>
    <ClInclude Include="pathtracer_types.h">
      <Filter>Header Files</Filter>
    </ClInclude>
    <ClInclude Include="utils.h">
      <Filter>Header Files</Filter>
    </ClInclude>
  </ItemGroup>
  <ItemGroup>
    <CudaCompile Include="geometry.cu">
      <Filter>cuda</Filter>
    </CudaCompile>
    <CudaCompile Include="m_obj_material.cu">
      <Filter>cuda</Filter>
    </CudaCompile>
    <CudaCompile Include="m_triangle_mesh.cu">
      <Filter>cuda</Filter>
    </CudaCompile>
    <CudaCompile Include="material.cu">
      <Filter>cuda</Filter>
    </CudaCompile>
    <CudaCompile Include="parallelogram.cu">
      <Filter>cuda</Filter>
    </CudaCompile>
    <CudaCompile Include="pinhole_camera.cu">
      <Filter>cuda</Filter>
    </CudaCompile>
    <CudaCompile Include="sphere.cu">
      <Filter>cuda</Filter>
    </CudaCompile>
    <CudaCompile Include="constantbg.cu">
      <Filter>cuda</Filter>
    </CudaCompile>
  </ItemGroup>
</Project>